// !$*UTF8*$!
{
	archiveVersion = 1;
	classes = {
	};
	objectVersion = 50;
	objects = {

/* Begin PBXBuildFile section */
		19300736255E669E009DA6BC /* ProfileModel.swift in Sources */ = {isa = PBXBuildFile; fileRef = 19300735255E669E009DA6BC /* ProfileModel.swift */; };
		1930073A255E66B7009DA6BC /* ProfileViewModel.swift in Sources */ = {isa = PBXBuildFile; fileRef = 19300739255E66B7009DA6BC /* ProfileViewModel.swift */; };
		1930073D255E66F8009DA6BC /* ProfileCell.swift in Sources */ = {isa = PBXBuildFile; fileRef = 1930073C255E66F8009DA6BC /* ProfileCell.swift */; };
		19300744255E6D90009DA6BC /* ProfileCellViewModel.swift in Sources */ = {isa = PBXBuildFile; fileRef = 19300743255E6D90009DA6BC /* ProfileCellViewModel.swift */; };
		1968FDAA255E1F7500F884B6 /* AppDelegate.swift in Sources */ = {isa = PBXBuildFile; fileRef = 1968FDA9255E1F7500F884B6 /* AppDelegate.swift */; };
		1968FDAC255E1F7500F884B6 /* SceneDelegate.swift in Sources */ = {isa = PBXBuildFile; fileRef = 1968FDAB255E1F7500F884B6 /* SceneDelegate.swift */; };
		1968FDAE255E1F7500F884B6 /* ViewController.swift in Sources */ = {isa = PBXBuildFile; fileRef = 1968FDAD255E1F7500F884B6 /* ViewController.swift */; };
		1968FDB1255E1F7500F884B6 /* Main.storyboard in Resources */ = {isa = PBXBuildFile; fileRef = 1968FDAF255E1F7500F884B6 /* Main.storyboard */; };
		1968FDB3255E1F7800F884B6 /* Assets.xcassets in Resources */ = {isa = PBXBuildFile; fileRef = 1968FDB2255E1F7800F884B6 /* Assets.xcassets */; };
		1968FDB6255E1F7800F884B6 /* LaunchScreen.storyboard in Resources */ = {isa = PBXBuildFile; fileRef = 1968FDB4255E1F7800F884B6 /* LaunchScreen.storyboard */; };
/* End PBXBuildFile section */

/* Begin PBXFileReference section */
		19300735255E669E009DA6BC /* ProfileModel.swift */ = {isa = PBXFileReference; lastKnownFileType = sourcecode.swift; path = ProfileModel.swift; sourceTree = "<group>"; };
		19300739255E66B7009DA6BC /* ProfileViewModel.swift */ = {isa = PBXFileReference; lastKnownFileType = sourcecode.swift; path = ProfileViewModel.swift; sourceTree = "<group>"; };
		1930073C255E66F8009DA6BC /* ProfileCell.swift */ = {isa = PBXFileReference; lastKnownFileType = sourcecode.swift; path = ProfileCell.swift; sourceTree = "<group>"; };
		19300743255E6D90009DA6BC /* ProfileCellViewModel.swift */ = {isa = PBXFileReference; lastKnownFileType = sourcecode.swift; path = ProfileCellViewModel.swift; sourceTree = "<group>"; };
		1968FDA6255E1F7500F884B6 /* TestMVVM2.app */ = {isa = PBXFileReference; explicitFileType = wrapper.application; includeInIndex = 0; path = TestMVVM2.app; sourceTree = BUILT_PRODUCTS_DIR; };
		1968FDA9255E1F7500F884B6 /* AppDelegate.swift */ = {isa = PBXFileReference; lastKnownFileType = sourcecode.swift; path = AppDelegate.swift; sourceTree = "<group>"; };
		1968FDAB255E1F7500F884B6 /* SceneDelegate.swift */ = {isa = PBXFileReference; lastKnownFileType = sourcecode.swift; path = SceneDelegate.swift; sourceTree = "<group>"; };
		1968FDAD255E1F7500F884B6 /* ViewController.swift */ = {isa = PBXFileReference; lastKnownFileType = sourcecode.swift; path = ViewController.swift; sourceTree = "<group>"; };
		1968FDB0255E1F7500F884B6 /* Base */ = {isa = PBXFileReference; lastKnownFileType = file.storyboard; name = Base; path = Base.lproj/Main.storyboard; sourceTree = "<group>"; };
		1968FDB2255E1F7800F884B6 /* Assets.xcassets */ = {isa = PBXFileReference; lastKnownFileType = folder.assetcatalog; path = Assets.xcassets; sourceTree = "<group>"; };
		1968FDB5255E1F7800F884B6 /* Base */ = {isa = PBXFileReference; lastKnownFileType = file.storyboard; name = Base; path = Base.lproj/LaunchScreen.storyboard; sourceTree = "<group>"; };
		1968FDB7255E1F7800F884B6 /* Info.plist */ = {isa = PBXFileReference; lastKnownFileType = text.plist.xml; path = Info.plist; sourceTree = "<group>"; };
/* End PBXFileReference section */

/* Begin PBXFrameworksBuildPhase section */
		1968FDA3255E1F7500F884B6 /* Frameworks */ = {
			isa = PBXFrameworksBuildPhase;
			buildActionMask = 2147483647;
			files = (
			);
			runOnlyForDeploymentPostprocessing = 0;
		};
/* End PBXFrameworksBuildPhase section */

/* Begin PBXGroup section */
		19300732255E6669009DA6BC /* ViewModel */ = {
			isa = PBXGroup;
			children = (
				19300739255E66B7009DA6BC /* ProfileViewModel.swift */,
			);
			path = ViewModel;
			sourceTree = "<group>";
		};
		19300733255E6670009DA6BC /* View */ = {
			isa = PBXGroup;
			children = (
				1968FDAD255E1F7500F884B6 /* ViewController.swift */,
			);
			path = View;
			sourceTree = "<group>";
		};
		19300734255E6678009DA6BC /* Model */ = {
			isa = PBXGroup;
			children = (
				19300735255E669E009DA6BC /* ProfileModel.swift */,
			);
			path = Model;
			sourceTree = "<group>";
		};
		1930073F255E6CF6009DA6BC /* ProfileTableView */ = {
			isa = PBXGroup;
			children = (
				19300734255E6678009DA6BC /* Model */,
				19300733255E6670009DA6BC /* View */,
				19300732255E6669009DA6BC /* ViewModel */,
			);
			path = ProfileTableView;
			sourceTree = "<group>";
		};
		19300740255E6D25009DA6BC /* ProfileCell */ = {
			isa = PBXGroup;
			children = (
				19300741255E6D54009DA6BC /* View */,
				19300742255E6D5D009DA6BC /* ViewModel */,
			);
			path = ProfileCell;
			sourceTree = "<group>";
		};
		19300741255E6D54009DA6BC /* View */ = {
			isa = PBXGroup;
			children = (
				1930073C255E66F8009DA6BC /* ProfileCell.swift */,
			);
			path = View;
			sourceTree = "<group>";
		};
		19300742255E6D5D009DA6BC /* ViewModel */ = {
			isa = PBXGroup;
			children = (
				19300743255E6D90009DA6BC /* ProfileCellViewModel.swift */,
			);
			path = ViewModel;
			sourceTree = "<group>";
		};
		1968FD9D255E1F7500F884B6 = {
			isa = PBXGroup;
			children = (
				1968FDA8255E1F7500F884B6 /* TestMVVM2 */,
				1968FDA7255E1F7500F884B6 /* Products */,
			);
			sourceTree = "<group>";
		};
		1968FDA7255E1F7500F884B6 /* Products */ = {
			isa = PBXGroup;
			children = (
				1968FDA6255E1F7500F884B6 /* TestMVVM2.app */,
			);
			name = Products;
			sourceTree = "<group>";
		};
		1968FDA8255E1F7500F884B6 /* TestMVVM2 */ = {
			isa = PBXGroup;
			children = (
				19300740255E6D25009DA6BC /* ProfileCell */,
				1930073F255E6CF6009DA6BC /* ProfileTableView */,
				1968FDA9255E1F7500F884B6 /* AppDelegate.swift */,
				1968FDAB255E1F7500F884B6 /* SceneDelegate.swift */,
				1968FDAF255E1F7500F884B6 /* Main.storyboard */,
				1968FDB2255E1F7800F884B6 /* Assets.xcassets */,
				1968FDB4255E1F7800F884B6 /* LaunchScreen.storyboard */,
				1968FDB7255E1F7800F884B6 /* Info.plist */,
			);
			path = TestMVVM2;
			sourceTree = "<group>";
		};
/* End PBXGroup section */

/* Begin PBXNativeTarget section */
		1968FDA5255E1F7500F884B6 /* TestMVVM2 */ = {
			isa = PBXNativeTarget;
			buildConfigurationList = 1968FDBA255E1F7800F884B6 /* Build configuration list for PBXNativeTarget "TestMVVM2" */;
			buildPhases = (
				1968FDA2255E1F7500F884B6 /* Sources */,
				1968FDA3255E1F7500F884B6 /* Frameworks */,
				1968FDA4255E1F7500F884B6 /* Resources */,
			);
			buildRules = (
			);
			dependencies = (
			);
			name = TestMVVM2;
			productName = TestMVVM2;
			productReference = 1968FDA6255E1F7500F884B6 /* TestMVVM2.app */;
			productType = "com.apple.product-type.application";
		};
/* End PBXNativeTarget section */

/* Begin PBXProject section */
		1968FD9E255E1F7500F884B6 /* Project object */ = {
			isa = PBXProject;
			attributes = {
				LastSwiftUpdateCheck = 1210;
				LastUpgradeCheck = 1210;
				TargetAttributes = {
					1968FDA5255E1F7500F884B6 = {
						CreatedOnToolsVersion = 12.1;
					};
				};
			};
			buildConfigurationList = 1968FDA1255E1F7500F884B6 /* Build configuration list for PBXProject "TestMVVM2" */;
			compatibilityVersion = "Xcode 9.3";
			developmentRegion = en;
			hasScannedForEncodings = 0;
			knownRegions = (
				en,
				Base,
			);
			mainGroup = 1968FD9D255E1F7500F884B6;
			productRefGroup = 1968FDA7255E1F7500F884B6 /* Products */;
			projectDirPath = "";
			projectRoot = "";
			targets = (
				1968FDA5255E1F7500F884B6 /* TestMVVM2 */,
			);
		};
/* End PBXProject section */

/* Begin PBXResourcesBuildPhase section */
		1968FDA4255E1F7500F884B6 /* Resources */ = {
			isa = PBXResourcesBuildPhase;
			buildActionMask = 2147483647;
			files = (
				1968FDB6255E1F7800F884B6 /* LaunchScreen.storyboard in Resources */,
				1968FDB3255E1F7800F884B6 /* Assets.xcassets in Resources */,
				1968FDB1255E1F7500F884B6 /* Main.storyboard in Resources */,
			);
			runOnlyForDeploymentPostprocessing = 0;
		};
/* End PBXResourcesBuildPhase section */

/* Begin PBXSourcesBuildPhase section */
		1968FDA2255E1F7500F884B6 /* Sources */ = {
			isa = PBXSourcesBuildPhase;
			buildActionMask = 2147483647;
			files = (
				1968FDAE255E1F7500F884B6 /* ViewController.swift in Sources */,
				1968FDAA255E1F7500F884B6 /* AppDelegate.swift in Sources */,
				1968FDAC255E1F7500F884B6 /* SceneDelegate.swift in Sources */,
				19300744255E6D90009DA6BC /* ProfileCellViewModel.swift in Sources */,
				1930073D255E66F8009DA6BC /* ProfileCell.swift in Sources */,
				19300736255E669E009DA6BC /* ProfileModel.swift in Sources */,
				1930073A255E66B7009DA6BC /* ProfileViewModel.swift in Sources */,
			);
			runOnlyForDeploymentPostprocessing = 0;
		};
/* End PBXSourcesBuildPhase section */

/* Begin PBXVariantGroup section */
		1968FDAF255E1F7500F884B6 /* Main.storyboard */ = {
			isa = PBXVariantGroup;
			children = (
				1968FDB0255E1F7500F884B6 /* Base */,
			);
			name = Main.storyboard;
			sourceTree = "<group>";
		};
		1968FDB4255E1F7800F884B6 /* LaunchScreen.storyboard */ = {
			isa = PBXVariantGroup;
			children = (
				1968FDB5255E1F7800F884B6 /* Base */,
			);
			name = LaunchScreen.storyboard;
			sourceTree = "<group>";
		};
/* End PBXVariantGroup section */

/* Begin XCBuildConfiguration section */
		1968FDB8255E1F7800F884B6 /* Debug */ = {
			isa = XCBuildConfiguration;
			buildSettings = {
				ALWAYS_SEARCH_USER_PATHS = NO;
				CLANG_ANALYZER_NONNULL = YES;
				CLANG_ANALYZER_NUMBER_OBJECT_CONVERSION = YES_AGGRESSIVE;
				CLANG_CXX_LANGUAGE_STANDARD = "gnu++14";
				CLANG_CXX_LIBRARY = "libc++";
				CLANG_ENABLE_MODULES = YES;
				CLANG_ENABLE_OBJC_ARC = YES;
				CLANG_ENABLE_OBJC_WEAK = YES;
				CLANG_WARN_BLOCK_CAPTURE_AUTORELEASING = YES;
				CLANG_WARN_BOOL_CONVERSION = YES;
				CLANG_WARN_COMMA = YES;
				CLANG_WARN_CONSTANT_CONVERSION = YES;
				CLANG_WARN_DEPRECATED_OBJC_IMPLEMENTATIONS = YES;
				CLANG_WARN_DIRECT_OBJC_ISA_USAGE = YES_ERROR;
				CLANG_WARN_DOCUMENTATION_COMMENTS = YES;
				CLANG_WARN_EMPTY_BODY = YES;
				CLANG_WARN_ENUM_CONVERSION = YES;
				CLANG_WARN_INFINITE_RECURSION = YES;
				CLANG_WARN_INT_CONVERSION = YES;
				CLANG_WARN_NON_LITERAL_NULL_CONVERSION = YES;
				CLANG_WARN_OBJC_IMPLICIT_RETAIN_SELF = YES;
				CLANG_WARN_OBJC_LITERAL_CONVERSION = YES;
				CLANG_WARN_OBJC_ROOT_CLASS = YES_ERROR;
				CLANG_WARN_QUOTED_INCLUDE_IN_FRAMEWORK_HEADER = YES;
				CLANG_WARN_RANGE_LOOP_ANALYSIS = YES;
				CLANG_WARN_STRICT_PROTOTYPES = YES;
				CLANG_WARN_SUSPICIOUS_MOVE = YES;
				CLANG_WARN_UNGUARDED_AVAILABILITY = YES_AGGRESSIVE;
				CLANG_WARN_UNREACHABLE_CODE = YES;
				CLANG_WARN__DUPLICATE_METHOD_MATCH = YES;
				COPY_PHASE_STRIP = NO;
				DEBUG_INFORMATION_FORMAT = dwarf;
				ENABLE_STRICT_OBJC_MSGSEND = YES;
				ENABLE_TESTABILITY = YES;
				GCC_C_LANGUAGE_STANDARD = gnu11;
				GCC_DYNAMIC_NO_PIC = NO;
				GCC_NO_COMMON_BLOCKS = YES;
				GCC_OPTIMIZATION_LEVEL = 0;
				GCC_PREPROCESSOR_DEFINITIONS = (
					"DEBUG=1",
					"$(inherited)",
				);
				GCC_WARN_64_TO_32_BIT_CONVERSION = YES;
				GCC_WARN_ABOUT_RETURN_TYPE = YES_ERROR;
				GCC_WARN_UNDECLARED_SELECTOR = YES;
				GCC_WARN_UNINITIALIZED_AUTOS = YES_AGGRESSIVE;
				GCC_WARN_UNUSED_FUNCTION = YES;
				GCC_WARN_UNUSED_VARIABLE = YES;
				IPHONEOS_DEPLOYMENT_TARGET = 14.1;
				MTL_ENABLE_DEBUG_INFO = INCLUDE_SOURCE;
				MTL_FAST_MATH = YES;
				ONLY_ACTIVE_ARCH = YES;
				SDKROOT = iphoneos;
				SWIFT_ACTIVE_COMPILATION_CONDITIONS = DEBUG;
				SWIFT_OPTIMIZATION_LEVEL = "-Onone";
			};
			name = Debug;
		};
		1968FDB9255E1F7800F884B6 /* Release */ = {
			isa = XCBuildConfiguration;
			buildSettings = {
				ALWAYS_SEARCH_USER_PATHS = NO;
				CLANG_ANALYZER_NONNULL = YES;
				CLANG_ANALYZER_NUMBER_OBJECT_CONVERSION = YES_AGGRESSIVE;
				CLANG_CXX_LANGUAGE_STANDARD = "gnu++14";
				CLANG_CXX_LIBRARY = "libc++";
				CLANG_ENABLE_MODULES = YES;
				CLANG_ENABLE_OBJC_ARC = YES;
				CLANG_ENABLE_OBJC_WEAK = YES;
				CLANG_WARN_BLOCK_CAPTURE_AUTORELEASING = YES;
				CLANG_WARN_BOOL_CONVERSION = YES;
				CLANG_WARN_COMMA = YES;
				CLANG_WARN_CONSTANT_CONVERSION = YES;
				CLANG_WARN_DEPRECATED_OBJC_IMPLEMENTATIONS = YES;
				CLANG_WARN_DIRECT_OBJC_ISA_USAGE = YES_ERROR;
				CLANG_WARN_DOCUMENTATION_COMMENTS = YES;
				CLANG_WARN_EMPTY_BODY = YES;
				CLANG_WARN_ENUM_CONVERSION = YES;
				CLANG_WARN_INFINITE_RECURSION = YES;
				CLANG_WARN_INT_CONVERSION = YES;
				CLANG_WARN_NON_LITERAL_NULL_CONVERSION = YES;
				CLANG_WARN_OBJC_IMPLICIT_RETAIN_SELF = YES;
				CLANG_WARN_OBJC_LITERAL_CONVERSION = YES;
				CLANG_WARN_OBJC_ROOT_CLASS = YES_ERROR;
				CLANG_WARN_QUOTED_INCLUDE_IN_FRAMEWORK_HEADER = YES;
				CLANG_WARN_RANGE_LOOP_ANALYSIS = YES;
				CLANG_WARN_STRICT_PROTOTYPES = YES;
				CLANG_WARN_SUSPICIOUS_MOVE = YES;
				CLANG_WARN_UNGUARDED_AVAILABILITY = YES_AGGRESSIVE;
				CLANG_WARN_UNREACHABLE_CODE = YES;
				CLANG_WARN__DUPLICATE_METHOD_MATCH = YES;
				COPY_PHASE_STRIP = NO;
				DEBUG_INFORMATION_FORMAT = "dwarf-with-dsym";
				ENABLE_NS_ASSERTIONS = NO;
				ENABLE_STRICT_OBJC_MSGSEND = YES;
				GCC_C_LANGUAGE_STANDARD = gnu11;
				GCC_NO_COMMON_BLOCKS = YES;
				GCC_WARN_64_TO_32_BIT_CONVERSION = YES;
				GCC_WARN_ABOUT_RETURN_TYPE = YES_ERROR;
				GCC_WARN_UNDECLARED_SELECTOR = YES;
				GCC_WARN_UNINITIALIZED_AUTOS = YES_AGGRESSIVE;
				GCC_WARN_UNUSED_FUNCTION = YES;
				GCC_WARN_UNUSED_VARIABLE = YES;
				IPHONEOS_DEPLOYMENT_TARGET = 14.1;
				MTL_ENABLE_DEBUG_INFO = NO;
				MTL_FAST_MATH = YES;
				SDKROOT = iphoneos;
				SWIFT_COMPILATION_MODE = wholemodule;
				SWIFT_OPTIMIZATION_LEVEL = "-O";
				VALIDATE_PRODUCT = YES;
			};
			name = Release;
		};
		1968FDBB255E1F7800F884B6 /* Debug */ = {
			isa = XCBuildConfiguration;
			buildSettings = {
				ASSETCATALOG_COMPILER_APPICON_NAME = AppIcon;
				ASSETCATALOG_COMPILER_GLOBAL_ACCENT_COLOR_NAME = AccentColor;
				CODE_SIGN_STYLE = Automatic;
				DEVELOPMENT_TEAM = TQU76263MV;
				INFOPLIST_FILE = TestMVVM2/Info.plist;
				LD_RUNPATH_SEARCH_PATHS = (
					"$(inherited)",
					"@executable_path/Frameworks",
				);
				PRODUCT_BUNDLE_IDENTIFIER = com.damirLutfullin.TestMVVM2;
				PRODUCT_NAME = "$(TARGET_NAME)";
				SWIFT_VERSION = 5.0;
				TARGETED_DEVICE_FAMILY = 1;
			};
			name = Debug;
		};
		1968FDBC255E1F7800F884B6 /* Release */ = {
			isa = XCBuildConfiguration;
			buildSettings = {
				ASSETCATALOG_COMPILER_APPICON_NAME = AppIcon;
				ASSETCATALOG_COMPILER_GLOBAL_ACCENT_COLOR_NAME = AccentColor;
				CODE_SIGN_STYLE = Automatic;
				DEVELOPMENT_TEAM = TQU76263MV;
				INFOPLIST_FILE = TestMVVM2/Info.plist;
				LD_RUNPATH_SEARCH_PATHS = (
					"$(inherited)",
					"@executable_path/Frameworks",
				);
				PRODUCT_BUNDLE_IDENTIFIER = com.damirLutfullin.TestMVVM2;
				PRODUCT_NAME = "$(TARGET_NAME)";
				SWIFT_VERSION = 5.0;
				TARGETED_DEVICE_FAMILY = 1;
			};
			name = Release;
		};
/* End XCBuildConfiguration section */

/* Begin XCConfigurationList section */
		1968FDA1255E1F7500F884B6 /* Build configuration list for PBXProject "TestMVVM2" */ = {
			isa = XCConfigurationList;
			buildConfigurations = (
				1968FDB8255E1F7800F884B6 /* Debug */,
				1968FDB9255E1F7800F884B6 /* Release */,
			);
			defaultConfigurationIsVisible = 0;
			defaultConfigurationName = Release;
		};
		1968FDBA255E1F7800F884B6 /* Build configuration list for PBXNativeTarget "TestMVVM2" */ = {
			isa = XCConfigurationList;
			buildConfigurations = (
				1968FDBB255E1F7800F884B6 /* Debug */,
				1968FDBC255E1F7800F884B6 /* Release */,
			);
			defaultConfigurationIsVisible = 0;
			defaultConfigurationName = Release;
		};
/* End XCConfigurationList section */
	};
	rootObject = 1968FD9E255E1F7500F884B6 /* Project object */;
}
